
Microsoft Visual Studio Solution File, Format Version 12.00
# Visual Studio Version 16
VisualStudioVersion = 25.0.1706.3
MinimumVisualStudioVersion = 10.0.40219.1
Project("{FAE04EC0-301F-11D3-BF4B-00C04F79EFBC}") = "ExcelCompareApp", "ExcelCompareApp\ExcelCompareApp.csproj", "{01A62E0C-90E4-45AD-A720-A97F750080A0}"
EndProject
Global
	GlobalSection(SolutionConfigurationPlatforms) = preSolution
		Debug|Any CPU = Debug|Any CPU
		Release|Any CPU = Release|Any CPU
	EndGlobalSection
	GlobalSection(ProjectConfigurationPlatforms) = postSolution
		{01A62E0C-90E4-45AD-A720-A97F750080A0}.Debug|Any CPU.ActiveCfg = Debug|Any CPU
		{01A62E0C-90E4-45AD-A720-A97F750080A0}.Debug|Any CPU.Build.0 = Debug|Any CPU
		{01A62E0C-90E4-45AD-A720-A97F750080A0}.Release|Any CPU.ActiveCfg = Release|Any CPU
		{01A62E0C-90E4-45AD-A720-A97F750080A0}.Release|Any CPU.Build.0 = Release|Any CPU
	EndGlobalSection
	GlobalSection(SolutionProperties) = preSolution
		HideSolutionNode = FALSE
	EndGlobalSection
	GlobalSection(ExtensibilityGlobals) = postSolution
		SolutionGuid = {B7955E41-CAB1-49A7-8612-0DA571E94E2F}
	EndGlobalSection
EndGlobal
